
Microsoft Visual Studio Solution File, Format Version 12.00
# Visual Studio Version 16
VisualStudioVersion = 16.0.29911.84
MinimumVisualStudioVersion = 10.0.40219.1
Project("{FAE04EC0-301F-11D3-BF4B-00C04F79EFBC}") = "clock", "clock\clock.csproj", "{654C533E-2B12-4F51-BEBC-22E5FCBAB7BC}"
EndProject
Project("{FAE04EC0-301F-11D3-BF4B-00C04F79EFBC}") = "UnitTestProject1", "UnitTestProject1\UnitTestProject1.csproj", "{217A2B07-1CBE-4CE6-8BF5-C4DB86FBA1A4}"
EndProject
Global
	GlobalSection(SolutionConfigurationPlatforms) = preSolution
		Debug|Any CPU = Debug|Any CPU
		Release|Any CPU = Release|Any CPU
	EndGlobalSection
	GlobalSection(ProjectConfigurationPlatforms) = postSolution
		{654C533E-2B12-4F51-BEBC-22E5FCBAB7BC}.Debug|Any CPU.ActiveCfg = Debug|Any CPU
		{654C533E-2B12-4F51-BEBC-22E5FCBAB7BC}.Debug|Any CPU.Build.0 = Debug|Any CPU
		{654C533E-2B12-4F51-BEBC-22E5FCBAB7BC}.Release|Any CPU.ActiveCfg = Release|Any CPU
		{654C533E-2B12-4F51-BEBC-22E5FCBAB7BC}.Release|Any CPU.Build.0 = Release|Any CPU
		{217A2B07-1CBE-4CE6-8BF5-C4DB86FBA1A4}.Debug|Any CPU.ActiveCfg = Debug|Any CPU
		{217A2B07-1CBE-4CE6-8BF5-C4DB86FBA1A4}.Debug|Any CPU.Build.0 = Debug|Any CPU
		{217A2B07-1CBE-4CE6-8BF5-C4DB86FBA1A4}.Release|Any CPU.ActiveCfg = Release|Any CPU
		{217A2B07-1CBE-4CE6-8BF5-C4DB86FBA1A4}.Release|Any CPU.Build.0 = Release|Any CPU
	EndGlobalSection
	GlobalSection(SolutionProperties) = preSolution
		HideSolutionNode = FALSE
	EndGlobalSection
	GlobalSection(ExtensibilityGlobals) = postSolution
		SolutionGuid = {C494EEEC-0126-40A4-8FC2-9AE7F0DF25FB}
	EndGlobalSection
EndGlobal
